
Microsoft Visual Studio Solution File, Format Version 12.00
# Visual Studio 15
VisualStudioVersion = 15.0.27428.2037
MinimumVisualStudioVersion = 10.0.40219.1
Project("{FAE04EC0-301F-11D3-BF4B-00C04F79EFBC}") = "UrlRotator.WebApi", "UrlRotator-WebApi\UrlRotator.WebApi.csproj", "{356B3839-9312-4098-AD87-82519B8E1349}"
EndProject
Global
	GlobalSection(SolutionConfigurationPlatforms) = preSolution
		Debug|Any CPU = Debug|Any CPU
		Release|Any CPU = Release|Any CPU
	EndGlobalSection
	GlobalSection(ProjectConfigurationPlatforms) = postSolution
		{356B3839-9312-4098-AD87-82519B8E1349}.Debug|Any CPU.ActiveCfg = Debug|Any CPU
		{356B3839-9312-4098-AD87-82519B8E1349}.Debug|Any CPU.Build.0 = Debug|Any CPU
		{356B3839-9312-4098-AD87-82519B8E1349}.Release|Any CPU.ActiveCfg = Release|Any CPU
		{356B3839-9312-4098-AD87-82519B8E1349}.Release|Any CPU.Build.0 = Release|Any CPU
	EndGlobalSection
	GlobalSection(SolutionProperties) = preSolution
		HideSolutionNode = FALSE
	EndGlobalSection
	GlobalSection(ExtensibilityGlobals) = postSolution
		SolutionGuid = {877EB1E2-5400-4711-9FB7-6278F40410D1}
	EndGlobalSection
EndGlobal
